
Microsoft Visual Studio Solution File, Format Version 12.00
# Visual Studio Version 17
VisualStudioVersion = 17.0.31912.275
MinimumVisualStudioVersion = 10.0.40219.1
Project("{FAE04EC0-301F-11D3-BF4B-00C04F79EFBC}") = "MVCVeritabaniEntityFramework", "MVCVeritabaniEntityFramework\MVCVeritabaniEntityFramework.csproj", "{BD1EC973-4026-4A04-8C45-C0424424B4ED}"
EndProject
Global
	GlobalSection(SolutionConfigurationPlatforms) = preSolution
		Debug|Any CPU = Debug|Any CPU
		Release|Any CPU = Release|Any CPU
	EndGlobalSection
	GlobalSection(ProjectConfigurationPlatforms) = postSolution
		{BD1EC973-4026-4A04-8C45-C0424424B4ED}.Debug|Any CPU.ActiveCfg = Debug|Any CPU
		{BD1EC973-4026-4A04-8C45-C0424424B4ED}.Debug|Any CPU.Build.0 = Debug|Any CPU
		{BD1EC973-4026-4A04-8C45-C0424424B4ED}.Release|Any CPU.ActiveCfg = Release|Any CPU
		{BD1EC973-4026-4A04-8C45-C0424424B4ED}.Release|Any CPU.Build.0 = Release|Any CPU
	EndGlobalSection
	GlobalSection(SolutionProperties) = preSolution
		HideSolutionNode = FALSE
	EndGlobalSection
	GlobalSection(ExtensibilityGlobals) = postSolution
		SolutionGuid = {320C6526-E0A6-4E6D-9A8F-F5F5E534B4BE}
	EndGlobalSection
EndGlobal
